
Microsoft Visual Studio Solution File, Format Version 12.00
# Visual Studio Version 17
VisualStudioVersion = 17.11.35327.3
MinimumVisualStudioVersion = 10.0.40219.1
Project("{FAE04EC0-301F-11D3-BF4B-00C04F79EFBC}") = "auth-app-backend", "auth-app-backend.csproj", "{CBC22DD3-C721-4BDD-BB21-4A6C1A3BAE5A}"
EndProject
Global
	GlobalSection(SolutionConfigurationPlatforms) = preSolution
		Debug|Any CPU = Debug|Any CPU
		Release|Any CPU = Release|Any CPU
	EndGlobalSection
	GlobalSection(ProjectConfigurationPlatforms) = postSolution
		{CBC22DD3-C721-4BDD-BB21-4A6C1A3BAE5A}.Debug|Any CPU.ActiveCfg = Debug|Any CPU
		{CBC22DD3-C721-4BDD-BB21-4A6C1A3BAE5A}.Debug|Any CPU.Build.0 = Debug|Any CPU
		{CBC22DD3-C721-4BDD-BB21-4A6C1A3BAE5A}.Release|Any CPU.ActiveCfg = Release|Any CPU
		{CBC22DD3-C721-4BDD-BB21-4A6C1A3BAE5A}.Release|Any CPU.Build.0 = Release|Any CPU
	EndGlobalSection
	GlobalSection(SolutionProperties) = preSolution
		HideSolutionNode = FALSE
	EndGlobalSection
	GlobalSection(ExtensibilityGlobals) = postSolution
		SolutionGuid = {5070BDB0-DFD1-476F-88C7-4B518D89162C}
	EndGlobalSection
EndGlobal
